// !$*UTF8*$!
{
	archiveVersion = 1;
	classes = {
	};
	objectVersion = 48;
	objects = {

/* Begin PBXBuildFile section */
		ECFA3DC31FCD22D500AFEF25 /* AppDelegate.swift in Sources */ = {isa = PBXBuildFile; fileRef = ECFA3DC21FCD22D500AFEF25 /* AppDelegate.swift */; };
		ECFA3DC51FCD22D500AFEF25 /* FirstViewController.swift in Sources */ = {isa = PBXBuildFile; fileRef = ECFA3DC41FCD22D500AFEF25 /* FirstViewController.swift */; };
		ECFA3DC71FCD22D500AFEF25 /* SecondViewController.swift in Sources */ = {isa = PBXBuildFile; fileRef = ECFA3DC61FCD22D500AFEF25 /* SecondViewController.swift */; };
		ECFA3DCA1FCD22D500AFEF25 /* Main.storyboard in Resources */ = {isa = PBXBuildFile; fileRef = ECFA3DC81FCD22D500AFEF25 /* Main.storyboard */; };
		ECFA3DCC1FCD22D500AFEF25 /* Assets.xcassets in Resources */ = {isa = PBXBuildFile; fileRef = ECFA3DCB1FCD22D500AFEF25 /* Assets.xcassets */; };
/* End PBXBuildFile section */

/* Begin PBXFileReference section */
		ECFA3DBF1FCD22D500AFEF25 /* FirstTVOS.app */ = {isa = PBXFileReference; explicitFileType = wrapper.application; includeInIndex = 0; path = FirstTVOS.app; sourceTree = BUILT_PRODUCTS_DIR; };
		ECFA3DC21FCD22D500AFEF25 /* AppDelegate.swift */ = {isa = PBXFileReference; lastKnownFileType = sourcecode.swift; path = AppDelegate.swift; sourceTree = "<group>"; };
		ECFA3DC41FCD22D500AFEF25 /* FirstViewController.swift */ = {isa = PBXFileReference; lastKnownFileType = sourcecode.swift; path = FirstViewController.swift; sourceTree = "<group>"; };
		ECFA3DC61FCD22D500AFEF25 /* SecondViewController.swift */ = {isa = PBXFileReference; lastKnownFileType = sourcecode.swift; path = SecondViewController.swift; sourceTree = "<group>"; };
		ECFA3DC91FCD22D500AFEF25 /* Base */ = {isa = PBXFileReference; lastKnownFileType = file.storyboard; name = Base; path = Base.lproj/Main.storyboard; sourceTree = "<group>"; };
		ECFA3DCB1FCD22D500AFEF25 /* Assets.xcassets */ = {isa = PBXFileReference; lastKnownFileType = folder.assetcatalog; path = Assets.xcassets; sourceTree = "<group>"; };
		ECFA3DCD1FCD22D500AFEF25 /* Info.plist */ = {isa = PBXFileReference; lastKnownFileType = text.plist.xml; path = Info.plist; sourceTree = "<group>"; };
/* End PBXFileReference section */

/* Begin PBXFrameworksBuildPhase section */
		ECFA3DBC1FCD22D500AFEF25 /* Frameworks */ = {
			isa = PBXFrameworksBuildPhase;
			buildActionMask = 2147483647;
			files = (
			);
			runOnlyForDeploymentPostprocessing = 0;
		};
/* End PBXFrameworksBuildPhase section */

/* Begin PBXGroup section */
		ECFA3DB61FCD22D500AFEF25 = {
			isa = PBXGroup;
			children = (
				ECFA3DC11FCD22D500AFEF25 /* FirstTVOS */,
				ECFA3DC01FCD22D500AFEF25 /* Products */,
			);
			sourceTree = "<group>";
		};
		ECFA3DC01FCD22D500AFEF25 /* Products */ = {
			isa = PBXGroup;
			children = (
				ECFA3DBF1FCD22D500AFEF25 /* FirstTVOS.app */,
			);
			name = Products;
			sourceTree = "<group>";
		};
		ECFA3DC11FCD22D500AFEF25 /* FirstTVOS */ = {
			isa = PBXGroup;
			children = (
				ECFA3DC21FCD22D500AFEF25 /* AppDelegate.swift */,
				ECFA3DC41FCD22D500AFEF25 /* FirstViewController.swift */,
				ECFA3DC61FCD22D500AFEF25 /* SecondViewController.swift */,
				ECFA3DC81FCD22D500AFEF25 /* Main.storyboard */,
				ECFA3DCB1FCD22D500AFEF25 /* Assets.xcassets */,
				ECFA3DCD1FCD22D500AFEF25 /* Info.plist */,
			);
			path = FirstTVOS;
			sourceTree = "<group>";
		};
/* End PBXGroup section */

/* Begin PBXNativeTarget section */
		ECFA3DBE1FCD22D500AFEF25 /* FirstTVOS */ = {
			isa = PBXNativeTarget;
			buildConfigurationList = ECFA3DD01FCD22D500AFEF25 /* Build configuration list for PBXNativeTarget "FirstTVOS" */;
			buildPhases = (
				ECFA3DBB1FCD22D500AFEF25 /* Sources */,
				ECFA3DBC1FCD22D500AFEF25 /* Frameworks */,
				ECFA3DBD1FCD22D500AFEF25 /* Resources */,
			);
			buildRules = (
			);
			dependencies = (
			);
			name = FirstTVOS;
			productName = FirstTVOS;
			productReference = ECFA3DBF1FCD22D500AFEF25 /* FirstTVOS.app */;
			productType = "com.apple.product-type.application";
		};
/* End PBXNativeTarget section */

/* Begin PBXProject section */
		ECFA3DB71FCD22D500AFEF25 /* Project object */ = {
			isa = PBXProject;
			attributes = {
				LastSwiftUpdateCheck = 0910;
				LastUpgradeCheck = 0910;
				ORGANIZATIONNAME = raywenderlich;
				TargetAttributes = {
					ECFA3DBE1FCD22D500AFEF25 = {
						CreatedOnToolsVersion = 9.1;
						ProvisioningStyle = Automatic;
					};
				};
			};
			buildConfigurationList = ECFA3DBA1FCD22D500AFEF25 /* Build configuration list for PBXProject "FirstTVOS" */;
			compatibilityVersion = "Xcode 8.0";
			developmentRegion = en;
			hasScannedForEncodings = 0;
			knownRegions = (
				en,
				Base,
			);
			mainGroup = ECFA3DB61FCD22D500AFEF25;
			productRefGroup = ECFA3DC01FCD22D500AFEF25 /* Products */;
			projectDirPath = "";
			projectRoot = "";
			targets = (
				ECFA3DBE1FCD22D500AFEF25 /* FirstTVOS */,
			);
		};
/* End PBXProject section */

/* Begin PBXResourcesBuildPhase section */
		ECFA3DBD1FCD22D500AFEF25 /* Resources */ = {
			isa = PBXResourcesBuildPhase;
			buildActionMask = 2147483647;
			files = (
				ECFA3DCC1FCD22D500AFEF25 /* Assets.xcassets in Resources */,
				ECFA3DCA1FCD22D500AFEF25 /* Main.storyboard in Resources */,
			);
			runOnlyForDeploymentPostprocessing = 0;
		};
/* End PBXResourcesBuildPhase section */

/* Begin PBXSourcesBuildPhase section */
		ECFA3DBB1FCD22D500AFEF25 /* Sources */ = {
			isa = PBXSourcesBuildPhase;
			buildActionMask = 2147483647;
			files = (
				ECFA3DC71FCD22D500AFEF25 /* SecondViewController.swift in Sources */,
				ECFA3DC31FCD22D500AFEF25 /* AppDelegate.swift in Sources */,
				ECFA3DC51FCD22D500AFEF25 /* FirstViewController.swift in Sources */,
			);
			runOnlyForDeploymentPostprocessing = 0;
		};
/* End PBXSourcesBuildPhase section */

/* Begin PBXVariantGroup section */
		ECFA3DC81FCD22D500AFEF25 /* Main.storyboard */ = {
			isa = PBXVariantGroup;
			children = (
				ECFA3DC91FCD22D500AFEF25 /* Base */,
			);
			name = Main.storyboard;
			sourceTree = "<group>";
		};
/* End PBXVariantGroup section */

/* Begin XCBuildConfiguration section */
		ECFA3DCE1FCD22D500AFEF25 /* Debug */ = {
			isa = XCBuildConfiguration;
			buildSettings = {
				ALWAYS_SEARCH_USER_PATHS = NO;
				CLANG_ANALYZER_NONNULL = YES;
				CLANG_ANALYZER_NUMBER_OBJECT_CONVERSION = YES_AGGRESSIVE;
				CLANG_CXX_LANGUAGE_STANDARD = "gnu++14";
				CLANG_CXX_LIBRARY = "libc++";
				CLANG_ENABLE_MODULES = YES;
				CLANG_ENABLE_OBJC_ARC = YES;
				CLANG_WARN_BLOCK_CAPTURE_AUTORELEASING = YES;
				CLANG_WARN_BOOL_CONVERSION = YES;
				CLANG_WARN_COMMA = YES;
				CLANG_WARN_CONSTANT_CONVERSION = YES;
				CLANG_WARN_DIRECT_OBJC_ISA_USAGE = YES_ERROR;
				CLANG_WARN_DOCUMENTATION_COMMENTS = YES;
				CLANG_WARN_EMPTY_BODY = YES;
				CLANG_WARN_ENUM_CONVERSION = YES;
				CLANG_WARN_INFINITE_RECURSION = YES;
				CLANG_WARN_INT_CONVERSION = YES;
				CLANG_WARN_NON_LITERAL_NULL_CONVERSION = YES;
				CLANG_WARN_OBJC_LITERAL_CONVERSION = YES;
				CLANG_WARN_OBJC_ROOT_CLASS = YES_ERROR;
				CLANG_WARN_RANGE_LOOP_ANALYSIS = YES;
				CLANG_WARN_STRICT_PROTOTYPES = YES;
				CLANG_WARN_SUSPICIOUS_MOVE = YES;
				CLANG_WARN_UNGUARDED_AVAILABILITY = YES_AGGRESSIVE;
				CLANG_WARN_UNREACHABLE_CODE = YES;
				CLANG_WARN__DUPLICATE_METHOD_MATCH = YES;
				COPY_PHASE_STRIP = NO;
				DEBUG_INFORMATION_FORMAT = dwarf;
				ENABLE_STRICT_OBJC_MSGSEND = YES;
				ENABLE_TESTABILITY = YES;
				GCC_C_LANGUAGE_STANDARD = gnu11;
				GCC_DYNAMIC_NO_PIC = NO;
				GCC_NO_COMMON_BLOCKS = YES;
				GCC_OPTIMIZATION_LEVEL = 0;
				GCC_PREPROCESSOR_DEFINITIONS = (
					"DEBUG=1",
					"$(inherited)",
				);
				GCC_WARN_64_TO_32_BIT_CONVERSION = YES;
				GCC_WARN_ABOUT_RETURN_TYPE = YES_ERROR;
				GCC_WARN_UNDECLARED_SELECTOR = YES;
				GCC_WARN_UNINITIALIZED_AUTOS = YES_AGGRESSIVE;
				GCC_WARN_UNUSED_FUNCTION = YES;
				GCC_WARN_UNUSED_VARIABLE = YES;
				MTL_ENABLE_DEBUG_INFO = YES;
				ONLY_ACTIVE_ARCH = YES;
				SDKROOT = appletvos;
				SWIFT_ACTIVE_COMPILATION_CONDITIONS = DEBUG;
				SWIFT_OPTIMIZATION_LEVEL = "-Onone";
				TVOS_DEPLOYMENT_TARGET = 11.1;
			};
			name = Debug;
		};
		ECFA3DCF1FCD22D500AFEF25 /* Release */ = {
			isa = XCBuildConfiguration;
			buildSettings = {
				ALWAYS_SEARCH_USER_PATHS = NO;
				CLANG_ANALYZER_NONNULL = YES;
				CLANG_ANALYZER_NUMBER_OBJECT_CONVERSION = YES_AGGRESSIVE;
				CLANG_CXX_LANGUAGE_STANDARD = "gnu++14";
				CLANG_CXX_LIBRARY = "libc++";
				CLANG_ENABLE_MODULES = YES;
				CLANG_ENABLE_OBJC_ARC = YES;
				CLANG_WARN_BLOCK_CAPTURE_AUTORELEASING = YES;
				CLANG_WARN_BOOL_CONVERSION = YES;
				CLANG_WARN_COMMA = YES;
				CLANG_WARN_CONSTANT_CONVERSION = YES;
				CLANG_WARN_DIRECT_OBJC_ISA_USAGE = YES_ERROR;
				CLANG_WARN_DOCUMENTATION_COMMENTS = YES;
				CLANG_WARN_EMPTY_BODY = YES;
				CLANG_WARN_ENUM_CONVERSION = YES;
				CLANG_WARN_INFINITE_RECURSION = YES;
				CLANG_WARN_INT_CONVERSION = YES;
				CLANG_WARN_NON_LITERAL_NULL_CONVERSION = YES;
				CLANG_WARN_OBJC_LITERAL_CONVERSION = YES;
				CLANG_WARN_OBJC_ROOT_CLASS = YES_ERROR;
				CLANG_WARN_RANGE_LOOP_ANALYSIS = YES;
				CLANG_WARN_STRICT_PROTOTYPES = YES;
				CLANG_WARN_SUSPICIOUS_MOVE = YES;
				CLANG_WARN_UNGUARDED_AVAILABILITY = YES_AGGRESSIVE;
				CLANG_WARN_UNREACHABLE_CODE = YES;
				CLANG_WARN__DUPLICATE_METHOD_MATCH = YES;
				COPY_PHASE_STRIP = NO;
				DEBUG_INFORMATION_FORMAT = "dwarf-with-dsym";
				ENABLE_NS_ASSERTIONS = NO;
				ENABLE_STRICT_OBJC_MSGSEND = YES;
				GCC_C_LANGUAGE_STANDARD = gnu11;
				GCC_NO_COMMON_BLOCKS = YES;
				GCC_WARN_64_TO_32_BIT_CONVERSION = YES;
				GCC_WARN_ABOUT_RETURN_TYPE = YES_ERROR;
				GCC_WARN_UNDECLARED_SELECTOR = YES;
				GCC_WARN_UNINITIALIZED_AUTOS = YES_AGGRESSIVE;
				GCC_WARN_UNUSED_FUNCTION = YES;
				GCC_WARN_UNUSED_VARIABLE = YES;
				MTL_ENABLE_DEBUG_INFO = NO;
				SDKROOT = appletvos;
				SWIFT_OPTIMIZATION_LEVEL = "-Owholemodule";
				TVOS_DEPLOYMENT_TARGET = 11.1;
				VALIDATE_PRODUCT = YES;
			};
			name = Release;
		};
		ECFA3DD11FCD22D500AFEF25 /* Debug */ = {
			isa = XCBuildConfiguration;
			buildSettings = {
				ASSETCATALOG_COMPILER_APPICON_NAME = "App Icon & Top Shelf Image";
				ASSETCATALOG_COMPILER_LAUNCHIMAGE_NAME = LaunchImage;
				CODE_SIGN_STYLE = Automatic;
				DEVELOPMENT_TEAM = 9NF9F99URT;
				INFOPLIST_FILE = FirstTVOS/Info.plist;
				LD_RUNPATH_SEARCH_PATHS = "$(inherited) @executable_path/Frameworks";
				PRODUCT_BUNDLE_IDENTIFIER = com.raywenderlich.FirstTVOS;
				PRODUCT_NAME = "$(TARGET_NAME)";
				SWIFT_VERSION = 4.0;
				TARGETED_DEVICE_FAMILY = 3;
			};
			name = Debug;
		};
		ECFA3DD21FCD22D500AFEF25 /* Release */ = {
			isa = XCBuildConfiguration;
			buildSettings = {
				ASSETCATALOG_COMPILER_APPICON_NAME = "App Icon & Top Shelf Image";
				ASSETCATALOG_COMPILER_LAUNCHIMAGE_NAME = LaunchImage;
				CODE_SIGN_STYLE = Automatic;
				DEVELOPMENT_TEAM = 9NF9F99URT;
				INFOPLIST_FILE = FirstTVOS/Info.plist;
				LD_RUNPATH_SEARCH_PATHS = "$(inherited) @executable_path/Frameworks";
				PRODUCT_BUNDLE_IDENTIFIER = com.raywenderlich.FirstTVOS;
				PRODUCT_NAME = "$(TARGET_NAME)";
				SWIFT_VERSION = 4.0;
				TARGETED_DEVICE_FAMILY = 3;
			};
			name = Release;
		};
/* End XCBuildConfiguration section */

/* Begin XCConfigurationList section */
		ECFA3DBA1FCD22D500AFEF25 /* Build configuration list for PBXProject "FirstTVOS" */ = {
			isa = XCConfigurationList;
			buildConfigurations = (
				ECFA3DCE1FCD22D500AFEF25 /* Debug */,
				ECFA3DCF1FCD22D500AFEF25 /* Release */,
			);
			defaultConfigurationIsVisible = 0;
			defaultConfigurationName = Release;
		};
		ECFA3DD01FCD22D500AFEF25 /* Build configuration list for PBXNativeTarget "FirstTVOS" */ = {
			isa = XCConfigurationList;
			buildConfigurations = (
				ECFA3DD11FCD22D500AFEF25 /* Debug */,
				ECFA3DD21FCD22D500AFEF25 /* Release */,
			);
			defaultConfigurationIsVisible = 0;
			defaultConfigurationName = Release;
		};
/* End XCConfigurationList section */
	};
	rootObject = ECFA3DB71FCD22D500AFEF25 /* Project object */;
}
